{
	"requires": true,
	"lockfileVersion": 1,
	"dependencies": {
		"hanzi-writer": {
			"version": "2.3.0",
			"resolved": "https://registry.npmmirror.com/hanzi-writer/-/hanzi-writer-2.3.0.tgz",
			"integrity": "sha512-2tKjsUrTW1lBxwpSVhGZ+lTlAycZPeJuov0og9Qbw0ETAS6y7+KxxjHhAtPDNAuLKS3FJeh80s9jxLA/e8jF0w=="
		}
	}
}
